// !$*UTF8*$!
{
	archiveVersion = 1;
	classes = {
	};
	objectVersion = 46;
	objects = {

/* Begin PBXBuildFile section */
		8E0040B21DCA1DAC00321741 /* Constants.swift in Sources */ = {isa = PBXBuildFile; fileRef = 8E0040B11DCA1DAB00321741 /* Constants.swift */; };
		8E0040B51DCA20FC00321741 /* CurrentWeather.swift in Sources */ = {isa = PBXBuildFile; fileRef = 8E0040B41DCA20FC00321741 /* CurrentWeather.swift */; };
		8E0040B71DCA3B2E00321741 /* ForecastWeather.swift in Sources */ = {isa = PBXBuildFile; fileRef = 8E0040B61DCA3B2E00321741 /* ForecastWeather.swift */; };
		8E0040BA1DCA4EE600321741 /* Date+DayOfWeek.swift in Sources */ = {isa = PBXBuildFile; fileRef = 8E0040B91DCA4EE600321741 /* Date+DayOfWeek.swift */; };
		8E0040BC1DCA62C500321741 /* WeatherCell.swift in Sources */ = {isa = PBXBuildFile; fileRef = 8E0040BB1DCA62C500321741 /* WeatherCell.swift */; };
		8E0040BE1DCA70EA00321741 /* LocationSingleton.swift in Sources */ = {isa = PBXBuildFile; fileRef = 8E0040BD1DCA70EA00321741 /* LocationSingleton.swift */; };
		8EF0CFC31DC9EEB40092518E /* AppDelegate.swift in Sources */ = {isa = PBXBuildFile; fileRef = 8EF0CFC21DC9EEB40092518E /* AppDelegate.swift */; };
		8EF0CFC51DC9EEB40092518E /* WeatherVC.swift in Sources */ = {isa = PBXBuildFile; fileRef = 8EF0CFC41DC9EEB40092518E /* WeatherVC.swift */; };
		8EF0CFC81DC9EEB40092518E /* Main.storyboard in Resources */ = {isa = PBXBuildFile; fileRef = 8EF0CFC61DC9EEB40092518E /* Main.storyboard */; };
		8EF0CFCA1DC9EEB40092518E /* Assets.xcassets in Resources */ = {isa = PBXBuildFile; fileRef = 8EF0CFC91DC9EEB40092518E /* Assets.xcassets */; };
		8EF0CFCD1DC9EEB40092518E /* LaunchScreen.storyboard in Resources */ = {isa = PBXBuildFile; fileRef = 8EF0CFCB1DC9EEB40092518E /* LaunchScreen.storyboard */; };
		CB9BACDA6E1807EB7060478D /* Pods_RainyShinyProject.framework in Frameworks */ = {isa = PBXBuildFile; fileRef = 7E696D93F7F1F75F1858A190 /* Pods_RainyShinyProject.framework */; };
/* End PBXBuildFile section */

/* Begin PBXFileReference section */
		69300A00AE225EEAA4058212 /* Pods-RainyShinyProject.debug.xcconfig */ = {isa = PBXFileReference; includeInIndex = 1; lastKnownFileType = text.xcconfig; name = "Pods-RainyShinyProject.debug.xcconfig"; path = "Pods/Target Support Files/Pods-RainyShinyProject/Pods-RainyShinyProject.debug.xcconfig"; sourceTree = "<group>"; };
		6C88DB1ED3913F1D42551C5B /* Pods-RainyShinyProject.release.xcconfig */ = {isa = PBXFileReference; includeInIndex = 1; lastKnownFileType = text.xcconfig; name = "Pods-RainyShinyProject.release.xcconfig"; path = "Pods/Target Support Files/Pods-RainyShinyProject/Pods-RainyShinyProject.release.xcconfig"; sourceTree = "<group>"; };
		7B6AEABC6BAB48FEC197A20B /* Pods-RainyShinyProject.debug.xcconfig */ = {isa = PBXFileReference; includeInIndex = 1; lastKnownFileType = text.xcconfig; name = "Pods-RainyShinyProject.debug.xcconfig"; path = "Pods/Target Support Files/Pods-RainyShinyProject/Pods-RainyShinyProject.debug.xcconfig"; sourceTree = "<group>"; };
		7E696D93F7F1F75F1858A190 /* Pods_RainyShinyProject.framework */ = {isa = PBXFileReference; explicitFileType = wrapper.framework; includeInIndex = 0; path = Pods_RainyShinyProject.framework; sourceTree = BUILT_PRODUCTS_DIR; };
		8E0040B11DCA1DAB00321741 /* Constants.swift */ = {isa = PBXFileReference; fileEncoding = 4; lastKnownFileType = sourcecode.swift; path = Constants.swift; sourceTree = "<group>"; };
		8E0040B41DCA20FC00321741 /* CurrentWeather.swift */ = {isa = PBXFileReference; fileEncoding = 4; lastKnownFileType = sourcecode.swift; path = CurrentWeather.swift; sourceTree = "<group>"; };
		8E0040B61DCA3B2E00321741 /* ForecastWeather.swift */ = {isa = PBXFileReference; fileEncoding = 4; lastKnownFileType = sourcecode.swift; path = ForecastWeather.swift; sourceTree = "<group>"; };
		8E0040B91DCA4EE600321741 /* Date+DayOfWeek.swift */ = {isa = PBXFileReference; fileEncoding = 4; lastKnownFileType = sourcecode.swift; path = "Date+DayOfWeek.swift"; sourceTree = "<group>"; };
		8E0040BB1DCA62C500321741 /* WeatherCell.swift */ = {isa = PBXFileReference; fileEncoding = 4; lastKnownFileType = sourcecode.swift; path = WeatherCell.swift; sourceTree = "<group>"; };
		8E0040BD1DCA70EA00321741 /* LocationSingleton.swift */ = {isa = PBXFileReference; fileEncoding = 4; lastKnownFileType = sourcecode.swift; path = LocationSingleton.swift; sourceTree = "<group>"; };
		8EF0CFBF1DC9EEB40092518E /* RainyShinyProject.app */ = {isa = PBXFileReference; explicitFileType = wrapper.application; includeInIndex = 0; path = RainyShinyProject.app; sourceTree = BUILT_PRODUCTS_DIR; };
		8EF0CFC21DC9EEB40092518E /* AppDelegate.swift */ = {isa = PBXFileReference; lastKnownFileType = sourcecode.swift; path = AppDelegate.swift; sourceTree = "<group>"; };
		8EF0CFC41DC9EEB40092518E /* WeatherVC.swift */ = {isa = PBXFileReference; lastKnownFileType = sourcecode.swift; path = WeatherVC.swift; sourceTree = "<group>"; };
		8EF0CFC71DC9EEB40092518E /* Base */ = {isa = PBXFileReference; lastKnownFileType = file.storyboard; name = Base; path = Base.lproj/Main.storyboard; sourceTree = "<group>"; };
		8EF0CFC91DC9EEB40092518E /* Assets.xcassets */ = {isa = PBXFileReference; lastKnownFileType = folder.assetcatalog; path = Assets.xcassets; sourceTree = "<group>"; };
		8EF0CFCC1DC9EEB40092518E /* Base */ = {isa = PBXFileReference; lastKnownFileType = file.storyboard; name = Base; path = Base.lproj/LaunchScreen.storyboard; sourceTree = "<group>"; };
		8EF0CFCE1DC9EEB40092518E /* Info.plist */ = {isa = PBXFileReference; lastKnownFileType = text.plist.xml; path = Info.plist; sourceTree = "<group>"; };
		EA08AF6BB073ACAB564D724D /* Pods-RainyShinyProject.release.xcconfig */ = {isa = PBXFileReference; includeInIndex = 1; lastKnownFileType = text.xcconfig; name = "Pods-RainyShinyProject.release.xcconfig"; path = "Pods/Target Support Files/Pods-RainyShinyProject/Pods-RainyShinyProject.release.xcconfig"; sourceTree = "<group>"; };
		ECF9EBF31DB5C2CE982794CC /* Pods_RainyShinyProject.framework */ = {isa = PBXFileReference; explicitFileType = wrapper.framework; includeInIndex = 0; path = Pods_RainyShinyProject.framework; sourceTree = BUILT_PRODUCTS_DIR; };
/* End PBXFileReference section */

/* Begin PBXFrameworksBuildPhase section */
		8EF0CFBC1DC9EEB40092518E /* Frameworks */ = {
			isa = PBXFrameworksBuildPhase;
			buildActionMask = 2147483647;
			files = (
				CB9BACDA6E1807EB7060478D /* Pods_RainyShinyProject.framework in Frameworks */,
			);
			runOnlyForDeploymentPostprocessing = 0;
		};
/* End PBXFrameworksBuildPhase section */

/* Begin PBXGroup section */
		66056012281CA968C4D587E2 /* Frameworks */ = {
			isa = PBXGroup;
			children = (
				7E696D93F7F1F75F1858A190 /* Pods_RainyShinyProject.framework */,
			);
			name = Frameworks;
			path = ..;
			sourceTree = "<group>";
		};
		75E3D5D77A9DFE8FC49BE0AA /* Pods */ = {
			isa = PBXGroup;
			children = (
				69300A00AE225EEAA4058212 /* Pods-RainyShinyProject.debug.xcconfig */,
				EA08AF6BB073ACAB564D724D /* Pods-RainyShinyProject.release.xcconfig */,
			);
			name = Pods;
			path = ..;
			sourceTree = "<group>";
		};
		8E0040B31DCA200300321741 /* Products + Pods */ = {
			isa = PBXGroup;
			children = (
				8EF0CFC01DC9EEB40092518E /* Products */,
				75E3D5D77A9DFE8FC49BE0AA /* Pods */,
				66056012281CA968C4D587E2 /* Frameworks */,
			);
			name = "Products + Pods";
			path = RainyShinyProject;
			sourceTree = "<group>";
		};
		8E0040B81DCA4EB900321741 /* Helpers */ = {
			isa = PBXGroup;
			children = (
				8E0040B91DCA4EE600321741 /* Date+DayOfWeek.swift */,
			);
			name = Helpers;
			sourceTree = "<group>";
		};
		8E5E58F41DC9F414007BF702 /* Controller */ = {
			isa = PBXGroup;
			children = (
				8EF0CFC41DC9EEB40092518E /* WeatherVC.swift */,
			);
			name = Controller;
			sourceTree = "<group>";
		};
		8E5E58F51DC9F41B007BF702 /* View */ = {
			isa = PBXGroup;
			children = (
				8E0040BB1DCA62C500321741 /* WeatherCell.swift */,
			);
			name = View;
			sourceTree = "<group>";
		};
		8E5E58F61DC9F421007BF702 /* Model */ = {
			isa = PBXGroup;
			children = (
				8E0040B41DCA20FC00321741 /* CurrentWeather.swift */,
				8E0040B61DCA3B2E00321741 /* ForecastWeather.swift */,
			);
			name = Model;
			sourceTree = "<group>";
		};
		8E5E58F71DC9F42D007BF702 /* Supporting Files */ = {
			isa = PBXGroup;
			children = (
				8EF0CFC61DC9EEB40092518E /* Main.storyboard */,
				8EF0CFCB1DC9EEB40092518E /* LaunchScreen.storyboard */,
				8EF0CFC91DC9EEB40092518E /* Assets.xcassets */,
				8EF0CFCE1DC9EEB40092518E /* Info.plist */,
			);
			name = "Supporting Files";
			sourceTree = "<group>";
		};
		8E5E58F81DC9F435007BF702 /* Ressources */ = {
			isa = PBXGroup;
			children = (
				8E0040B11DCA1DAB00321741 /* Constants.swift */,
				8E0040BD1DCA70EA00321741 /* LocationSingleton.swift */,
			);
			name = Ressources;
			sourceTree = "<group>";
		};
		8EF0CFB61DC9EEB40092518E = {
			isa = PBXGroup;
			children = (
				8EF0CFC11DC9EEB40092518E /* RainyShinyProject */,
				8E0040B31DCA200300321741 /* Products + Pods */,
				98EB4C0B1E1955851677EDA2 /* Pods */,
				F0B3E5E37E236A824A706C0D /* Frameworks */,
			);
			sourceTree = "<group>";
		};
		8EF0CFC01DC9EEB40092518E /* Products */ = {
			isa = PBXGroup;
			children = (
				8EF0CFBF1DC9EEB40092518E /* RainyShinyProject.app */,
			);
			name = Products;
			path = ..;
			sourceTree = "<group>";
		};
		8EF0CFC11DC9EEB40092518E /* RainyShinyProject */ = {
			isa = PBXGroup;
			children = (
				8EF0CFC21DC9EEB40092518E /* AppDelegate.swift */,
				8E5E58F61DC9F421007BF702 /* Model */,
				8E5E58F51DC9F41B007BF702 /* View */,
				8E5E58F41DC9F414007BF702 /* Controller */,
				8E5E58F81DC9F435007BF702 /* Ressources */,
				8E0040B81DCA4EB900321741 /* Helpers */,
				8E5E58F71DC9F42D007BF702 /* Supporting Files */,
			);
			path = RainyShinyProject;
			sourceTree = "<group>";
		};
		98EB4C0B1E1955851677EDA2 /* Pods */ = {
			isa = PBXGroup;
			children = (
				7B6AEABC6BAB48FEC197A20B /* Pods-RainyShinyProject.debug.xcconfig */,
				6C88DB1ED3913F1D42551C5B /* Pods-RainyShinyProject.release.xcconfig */,
			);
			name = Pods;
			sourceTree = "<group>";
		};
		F0B3E5E37E236A824A706C0D /* Frameworks */ = {
			isa = PBXGroup;
			children = (
				ECF9EBF31DB5C2CE982794CC /* Pods_RainyShinyProject.framework */,
			);
			name = Frameworks;
			sourceTree = "<group>";
		};
/* End PBXGroup section */

/* Begin PBXNativeTarget section */
		8EF0CFBE1DC9EEB40092518E /* RainyShinyProject */ = {
			isa = PBXNativeTarget;
			buildConfigurationList = 8EF0CFD11DC9EEB40092518E /* Build configuration list for PBXNativeTarget "RainyShinyProject" */;
			buildPhases = (
				F627344AA2B5C1EB405E41FD /* [CP] Check Pods Manifest.lock */,
				8EF0CFBB1DC9EEB40092518E /* Sources */,
				8EF0CFBC1DC9EEB40092518E /* Frameworks */,
				8EF0CFBD1DC9EEB40092518E /* Resources */,
				FA2F3908EA29E4D4E037F963 /* [CP] Embed Pods Frameworks */,
				574023BF1E307C69B0FACBB0 /* [CP] Copy Pods Resources */,
			);
			buildRules = (
			);
			dependencies = (
			);
			name = RainyShinyProject;
			productName = RainyShinyProject;
			productReference = 8EF0CFBF1DC9EEB40092518E /* RainyShinyProject.app */;
			productType = "com.apple.product-type.application";
		};
/* End PBXNativeTarget section */

/* Begin PBXProject section */
		8EF0CFB71DC9EEB40092518E /* Project object */ = {
			isa = PBXProject;
			attributes = {
				LastSwiftUpdateCheck = 0810;
				LastUpgradeCheck = 0810;
				ORGANIZATIONNAME = KaraganApp;
				TargetAttributes = {
					8EF0CFBE1DC9EEB40092518E = {
						CreatedOnToolsVersion = 8.1;
						DevelopmentTeam = ZG86JLMTDB;
						LastSwiftMigration = 0810;
						ProvisioningStyle = Automatic;
					};
				};
			};
			buildConfigurationList = 8EF0CFBA1DC9EEB40092518E /* Build configuration list for PBXProject "RainyShinyProject" */;
			compatibilityVersion = "Xcode 3.2";
			developmentRegion = English;
			hasScannedForEncodings = 0;
			knownRegions = (
				en,
				Base,
			);
			mainGroup = 8EF0CFB61DC9EEB40092518E;
			productRefGroup = 8EF0CFC01DC9EEB40092518E /* Products */;
			projectDirPath = "";
			projectRoot = "";
			targets = (
				8EF0CFBE1DC9EEB40092518E /* RainyShinyProject */,
			);
		};
/* End PBXProject section */

/* Begin PBXResourcesBuildPhase section */
		8EF0CFBD1DC9EEB40092518E /* Resources */ = {
			isa = PBXResourcesBuildPhase;
			buildActionMask = 2147483647;
			files = (
				8EF0CFCD1DC9EEB40092518E /* LaunchScreen.storyboard in Resources */,
				8EF0CFCA1DC9EEB40092518E /* Assets.xcassets in Resources */,
				8EF0CFC81DC9EEB40092518E /* Main.storyboard in Resources */,
			);
			runOnlyForDeploymentPostprocessing = 0;
		};
/* End PBXResourcesBuildPhase section */

/* Begin PBXShellScriptBuildPhase section */
		574023BF1E307C69B0FACBB0 /* [CP] Copy Pods Resources */ = {
			isa = PBXShellScriptBuildPhase;
			buildActionMask = 2147483647;
			files = (
			);
			inputPaths = (
			);
			name = "[CP] Copy Pods Resources";
			outputPaths = (
			);
			runOnlyForDeploymentPostprocessing = 0;
			shellPath = /bin/sh;
			shellScript = "\"${SRCROOT}/Pods/Target Support Files/Pods-RainyShinyProject/Pods-RainyShinyProject-resources.sh\"\n";
			showEnvVarsInLog = 0;
		};
		F627344AA2B5C1EB405E41FD /* [CP] Check Pods Manifest.lock */ = {
			isa = PBXShellScriptBuildPhase;
			buildActionMask = 2147483647;
			files = (
			);
			inputPaths = (
			);
			name = "[CP] Check Pods Manifest.lock";
			outputPaths = (
			);
			runOnlyForDeploymentPostprocessing = 0;
			shellPath = /bin/sh;
			shellScript = "diff \"${PODS_ROOT}/../Podfile.lock\" \"${PODS_ROOT}/Manifest.lock\" > /dev/null\nif [[ $? != 0 ]] ; then\n    cat << EOM\nerror: The sandbox is not in sync with the Podfile.lock. Run 'pod install' or update your CocoaPods installation.\nEOM\n    exit 1\nfi\n";
			showEnvVarsInLog = 0;
		};
		FA2F3908EA29E4D4E037F963 /* [CP] Embed Pods Frameworks */ = {
			isa = PBXShellScriptBuildPhase;
			buildActionMask = 2147483647;
			files = (
			);
			inputPaths = (
			);
			name = "[CP] Embed Pods Frameworks";
			outputPaths = (
			);
			runOnlyForDeploymentPostprocessing = 0;
			shellPath = /bin/sh;
			shellScript = "\"${SRCROOT}/Pods/Target Support Files/Pods-RainyShinyProject/Pods-RainyShinyProject-frameworks.sh\"\n";
			showEnvVarsInLog = 0;
		};
/* End PBXShellScriptBuildPhase section */

/* Begin PBXSourcesBuildPhase section */
		8EF0CFBB1DC9EEB40092518E /* Sources */ = {
			isa = PBXSourcesBuildPhase;
			buildActionMask = 2147483647;
			files = (
				8E0040B71DCA3B2E00321741 /* ForecastWeather.swift in Sources */,
				8EF0CFC51DC9EEB40092518E /* WeatherVC.swift in Sources */,
				8E0040BE1DCA70EA00321741 /* LocationSingleton.swift in Sources */,
				8EF0CFC31DC9EEB40092518E /* AppDelegate.swift in Sources */,
				8E0040BA1DCA4EE600321741 /* Date+DayOfWeek.swift in Sources */,
				8E0040B51DCA20FC00321741 /* CurrentWeather.swift in Sources */,
				8E0040B21DCA1DAC00321741 /* Constants.swift in Sources */,
				8E0040BC1DCA62C500321741 /* WeatherCell.swift in Sources */,
			);
			runOnlyForDeploymentPostprocessing = 0;
		};
/* End PBXSourcesBuildPhase section */

/* Begin PBXVariantGroup section */
		8EF0CFC61DC9EEB40092518E /* Main.storyboard */ = {
			isa = PBXVariantGroup;
			children = (
				8EF0CFC71DC9EEB40092518E /* Base */,
			);
			name = Main.storyboard;
			sourceTree = "<group>";
		};
		8EF0CFCB1DC9EEB40092518E /* LaunchScreen.storyboard */ = {
			isa = PBXVariantGroup;
			children = (
				8EF0CFCC1DC9EEB40092518E /* Base */,
			);
			name = LaunchScreen.storyboard;
			sourceTree = "<group>";
		};
/* End PBXVariantGroup section */

/* Begin XCBuildConfiguration section */
		8EF0CFCF1DC9EEB40092518E /* Debug */ = {
			isa = XCBuildConfiguration;
			buildSettings = {
				ALWAYS_SEARCH_USER_PATHS = NO;
				CLANG_ANALYZER_NONNULL = YES;
				CLANG_CXX_LANGUAGE_STANDARD = "gnu++0x";
				CLANG_CXX_LIBRARY = "libc++";
				CLANG_ENABLE_MODULES = YES;
				CLANG_ENABLE_OBJC_ARC = YES;
				CLANG_WARN_BOOL_CONVERSION = YES;
				CLANG_WARN_CONSTANT_CONVERSION = YES;
				CLANG_WARN_DIRECT_OBJC_ISA_USAGE = YES_ERROR;
				CLANG_WARN_DOCUMENTATION_COMMENTS = YES;
				CLANG_WARN_EMPTY_BODY = YES;
				CLANG_WARN_ENUM_CONVERSION = YES;
				CLANG_WARN_INFINITE_RECURSION = YES;
				CLANG_WARN_INT_CONVERSION = YES;
				CLANG_WARN_OBJC_ROOT_CLASS = YES_ERROR;
				CLANG_WARN_SUSPICIOUS_MOVE = YES;
				CLANG_WARN_SUSPICIOUS_MOVES = YES;
				CLANG_WARN_UNREACHABLE_CODE = YES;
				CLANG_WARN__DUPLICATE_METHOD_MATCH = YES;
				"CODE_SIGN_IDENTITY[sdk=iphoneos*]" = "iPhone Developer";
				COPY_PHASE_STRIP = NO;
				DEBUG_INFORMATION_FORMAT = dwarf;
				ENABLE_STRICT_OBJC_MSGSEND = YES;
				ENABLE_TESTABILITY = YES;
				GCC_C_LANGUAGE_STANDARD = gnu99;
				GCC_DYNAMIC_NO_PIC = NO;
				GCC_NO_COMMON_BLOCKS = YES;
				GCC_OPTIMIZATION_LEVEL = 0;
				GCC_PREPROCESSOR_DEFINITIONS = (
					"DEBUG=1",
					"$(inherited)",
				);
				GCC_WARN_64_TO_32_BIT_CONVERSION = YES;
				GCC_WARN_ABOUT_RETURN_TYPE = YES_ERROR;
				GCC_WARN_UNDECLARED_SELECTOR = YES;
				GCC_WARN_UNINITIALIZED_AUTOS = YES_AGGRESSIVE;
				GCC_WARN_UNUSED_FUNCTION = YES;
				GCC_WARN_UNUSED_VARIABLE = YES;
				IPHONEOS_DEPLOYMENT_TARGET = 10.1;
				MTL_ENABLE_DEBUG_INFO = YES;
				ONLY_ACTIVE_ARCH = YES;
				SDKROOT = iphoneos;
				SWIFT_ACTIVE_COMPILATION_CONDITIONS = DEBUG;
				SWIFT_OPTIMIZATION_LEVEL = "-Onone";
			};
			name = Debug;
		};
		8EF0CFD01DC9EEB40092518E /* Release */ = {
			isa = XCBuildConfiguration;
			buildSettings = {
				ALWAYS_SEARCH_USER_PATHS = NO;
				CLANG_ANALYZER_NONNULL = YES;
				CLANG_CXX_LANGUAGE_STANDARD = "gnu++0x";
				CLANG_CXX_LIBRARY = "libc++";
				CLANG_ENABLE_MODULES = YES;
				CLANG_ENABLE_OBJC_ARC = YES;
				CLANG_WARN_BOOL_CONVERSION = YES;
				CLANG_WARN_CONSTANT_CONVERSION = YES;
				CLANG_WARN_DIRECT_OBJC_ISA_USAGE = YES_ERROR;
				CLANG_WARN_DOCUMENTATION_COMMENTS = YES;
				CLANG_WARN_EMPTY_BODY = YES;
				CLANG_WARN_ENUM_CONVERSION = YES;
				CLANG_WARN_INFINITE_RECURSION = YES;
				CLANG_WARN_INT_CONVERSION = YES;
				CLANG_WARN_OBJC_ROOT_CLASS = YES_ERROR;
				CLANG_WARN_SUSPICIOUS_MOVE = YES;
				CLANG_WARN_SUSPICIOUS_MOVES = YES;
				CLANG_WARN_UNREACHABLE_CODE = YES;
				CLANG_WARN__DUPLICATE_METHOD_MATCH = YES;
				"CODE_SIGN_IDENTITY[sdk=iphoneos*]" = "iPhone Developer";
				COPY_PHASE_STRIP = NO;
				DEBUG_INFORMATION_FORMAT = "dwarf-with-dsym";
				ENABLE_NS_ASSERTIONS = NO;
				ENABLE_STRICT_OBJC_MSGSEND = YES;
				GCC_C_LANGUAGE_STANDARD = gnu99;
				GCC_NO_COMMON_BLOCKS = YES;
				GCC_WARN_64_TO_32_BIT_CONVERSION = YES;
				GCC_WARN_ABOUT_RETURN_TYPE = YES_ERROR;
				GCC_WARN_UNDECLARED_SELECTOR = YES;
				GCC_WARN_UNINITIALIZED_AUTOS = YES_AGGRESSIVE;
				GCC_WARN_UNUSED_FUNCTION = YES;
				GCC_WARN_UNUSED_VARIABLE = YES;
				IPHONEOS_DEPLOYMENT_TARGET = 10.1;
				MTL_ENABLE_DEBUG_INFO = NO;
				SDKROOT = iphoneos;
				SWIFT_OPTIMIZATION_LEVEL = "-Owholemodule";
				VALIDATE_PRODUCT = YES;
			};
			name = Release;
		};
		8EF0CFD21DC9EEB40092518E /* Debug */ = {
			isa = XCBuildConfiguration;
			baseConfigurationReference = 69300A00AE225EEAA4058212 /* Pods-RainyShinyProject.debug.xcconfig */;
			buildSettings = {
				ALWAYS_EMBED_SWIFT_STANDARD_LIBRARIES = YES;
				ASSETCATALOG_COMPILER_APPICON_NAME = AppIcon;
				DEVELOPMENT_TEAM = ZG86JLMTDB;
				INFOPLIST_FILE = RainyShinyProject/Info.plist;
				IPHONEOS_DEPLOYMENT_TARGET = 9.3;
				LD_RUNPATH_SEARCH_PATHS = "$(inherited) @executable_path/Frameworks";
				PRODUCT_BUNDLE_IDENTIFIER = com.myapp.KaraganApp.19940333.RainyShinyProject;
				PRODUCT_NAME = "$(TARGET_NAME)";
				SWIFT_VERSION = 3.0;
			};
			name = Debug;
		};
		8EF0CFD31DC9EEB40092518E /* Release */ = {
			isa = XCBuildConfiguration;
			baseConfigurationReference = EA08AF6BB073ACAB564D724D /* Pods-RainyShinyProject.release.xcconfig */;
			buildSettings = {
				ALWAYS_EMBED_SWIFT_STANDARD_LIBRARIES = YES;
				ASSETCATALOG_COMPILER_APPICON_NAME = AppIcon;
				DEVELOPMENT_TEAM = ZG86JLMTDB;
				INFOPLIST_FILE = RainyShinyProject/Info.plist;
				IPHONEOS_DEPLOYMENT_TARGET = 9.3;
				LD_RUNPATH_SEARCH_PATHS = "$(inherited) @executable_path/Frameworks";
				PRODUCT_BUNDLE_IDENTIFIER = com.myapp.KaraganApp.19940333.RainyShinyProject;
				PRODUCT_NAME = "$(TARGET_NAME)";
				SWIFT_VERSION = 3.0;
			};
			name = Release;
		};
/* End XCBuildConfiguration section */

/* Begin XCConfigurationList section */
		8EF0CFBA1DC9EEB40092518E /* Build configuration list for PBXProject "RainyShinyProject" */ = {
			isa = XCConfigurationList;
			buildConfigurations = (
				8EF0CFCF1DC9EEB40092518E /* Debug */,
				8EF0CFD01DC9EEB40092518E /* Release */,
			);
			defaultConfigurationIsVisible = 0;
			defaultConfigurationName = Release;
		};
		8EF0CFD11DC9EEB40092518E /* Build configuration list for PBXNativeTarget "RainyShinyProject" */ = {
			isa = XCConfigurationList;
			buildConfigurations = (
				8EF0CFD21DC9EEB40092518E /* Debug */,
				8EF0CFD31DC9EEB40092518E /* Release */,
			);
			defaultConfigurationIsVisible = 0;
			defaultConfigurationName = Release;
		};
/* End XCConfigurationList section */
	};
	rootObject = 8EF0CFB71DC9EEB40092518E /* Project object */;
}
